version = 1
revision = 3
requires-python = ">=3.13"

[[package]]
name = "basedpyright"
version = "1.39.3"
source = { registry = "https://mirrors.aliyun.com/pypi/simple" }
dependencies = [
    { name = "nodejs-wheel-binaries" },
]
sdist = { url = "https://mirrors.aliyun.com/pypi/packages/04/19/5a5b9b9197973da732638957be3a65cf514d2f5a4964eeedbf33b6c65bbd/basedpyright-1.39.3.tar.gz", hash = "sha256:2f794e6b5f4260fb89f614ca6cd23c6f305373bb6b50c4ed7794ff2ae647fb14" }
wheels = [
    { url = "https://mirrors.aliyun.com/pypi/packages/54/5c/f950c1239ad26f3bb453e665428a2cf1893995de725a5eb0b64a2520b366/basedpyright-1.39.3-py3-none-any.whl", hash = "sha256:aba760dc83307727554f936d6b4381caa14482f30dbc2173167710e217c1f7ab" },
]

[[package]]
name = "colorama"
version = "0.4.6"
source = { registry = "https://mirrors.aliyun.com/pypi/simple" }
sdist = { url = "https://mirrors.aliyun.com/pypi/packages/d8/53/6f443c9a4a8358a93a6792e2acffb9d9d5cb0a5cfd8802644b7b1c9a02e4/colorama-0.4.6.tar.gz", hash = "sha256:08695f5cb7ed6e0531a20572697297273c47b8cae5a63ffc6d6ed5c201be6e44" }
wheels = [
    { url = "https://mirrors.aliyun.com/pypi/packages/d1/d6/3965ed04c63042e047cb6a3e6ed1a63a35087b6a609aa3a15ed8ac56c221/colorama-0.4.6-py2.py3-none-any.whl", hash = "sha256:4f1d9991f5acc0ca119f9d443620b77f9d6b33703e51011c16baf57afb285fc6" },
]

[[package]]
name = "g-playwright"
version = "0.1.0"
source = { git = "ssh://git@github.com/asinkLuno/g-playwright.git#412c2aae1a7a41d59e030d4b31a7a411ea569e7c" }
dependencies = [
    { name = "playwright" },
]

[[package]]
name = "greenlet"
version = "3.4.0"
source = { registry = "https://mirrors.aliyun.com/pypi/simple" }
sdist = { url = "https://mirrors.aliyun.com/pypi/packages/86/94/a5935717b307d7c71fe877b52b884c6af707d2d2090db118a03fbd799369/greenlet-3.4.0.tar.gz", hash = "sha256:f50a96b64dafd6169e595a5c56c9146ef80333e67d4476a65a9c55f400fc22ff" }
wheels = [
    { url = "https://mirrors.aliyun.com/pypi/packages/7a/75/7e9cd1126a1e1f0cd67b0eda02e5221b28488d352684704a78ed505bd719/greenlet-3.4.0-cp313-cp313-macosx_11_0_universal2.whl", hash = "sha256:43748988b097f9c6f09364f260741aa73c80747f63389824435c7a50bfdfd5c1" },
    { url = "https://mirrors.aliyun.com/pypi/packages/9d/c4/3e2df392e5cb199527c4d9dbcaa75c14edcc394b45040f0189f649631e3c/greenlet-3.4.0-cp313-cp313-manylinux_2_24_aarch64.manylinux_2_28_aarch64.whl", hash = "sha256:5566e4e2cd7a880e8c27618e3eab20f3494452d12fd5129edef7b2f7aa9a36d1" },
    { url = "https://mirrors.aliyun.com/pypi/packages/da/af/750cdfda1d1bd30a6c28080245be8d0346e669a98fdbae7f4102aa95fff3/greenlet-3.4.0-cp313-cp313-manylinux_2_24_ppc64le.manylinux_2_28_ppc64le.whl", hash = "sha256:1054c5a3c78e2ab599d452f23f7adafef55062a783a8e241d24f3b633ba6ff82" },
    { url = "https://mirrors.aliyun.com/pypi/packages/e0/93/c8c508d68ba93232784bbc1b5474d92371f2897dfc6bc281b419f2e0d492/greenlet-3.4.0-cp313-cp313-manylinux_2_24_s390x.manylinux_2_28_s390x.whl", hash = "sha256:98eedd1803353daf1cd9ef23eef23eda5a4d22f99b1f998d273a8b78b70dd47f" },
    { url = "https://mirrors.aliyun.com/pypi/packages/54/78/0cbc693622cd54ebe25207efbb3a0eb07c2639cb8594f6e3aaaa0bb077a8/greenlet-3.4.0-cp313-cp313-manylinux_2_24_x86_64.manylinux_2_28_x86_64.whl", hash = "sha256:f82cb6cddc27dd81c96b1506f4aa7def15070c3b2a67d4e46fd19016aacce6cf" },
    { url = "https://mirrors.aliyun.com/pypi/packages/7f/46/cfaaa0ade435a60550fd83d07dfd5c41f873a01da17ede5c4cade0b9bab8/greenlet-3.4.0-cp313-cp313-manylinux_2_39_riscv64.whl", hash = "sha256:b7857e2202aae67bc5725e0c1f6403c20a8ff46094ece015e7d474f5f7020b55" },
    { url = "https://mirrors.aliyun.com/pypi/packages/ba/c0/8966767de01343c1ff47e8b855dc78e7d1a8ed2b7b9c83576a57e289f81d/greenlet-3.4.0-cp313-cp313-musllinux_1_2_aarch64.whl", hash = "sha256:227a46251ecba4ff46ae742bc5ce95c91d5aceb4b02f885487aff269c127a729" },
    { url = "https://mirrors.aliyun.com/pypi/packages/b8/38/bcdc71ba05e9a5fda87f63ffc2abcd1f15693b659346df994a48c968003d/greenlet-3.4.0-cp313-cp313-musllinux_1_2_x86_64.whl", hash = "sha256:5b99e87be7eba788dd5b75ba1cde5639edffdec5f91fe0d734a249535ec3408c" },
    { url = "https://mirrors.aliyun.com/pypi/packages/a1/c2/19b664b7173b9e4ef5f77e8cef9f14c20ec7fce7920dc1ccd7afd955d093/greenlet-3.4.0-cp313-cp313-win_amd64.whl", hash = "sha256:849f8bc17acd6295fcb5de8e46d55cc0e52381c56eaf50a2afd258e97bc65940" },
    { url = "https://mirrors.aliyun.com/pypi/packages/9b/96/795619651d39c7fbd809a522f881aa6f0ead504cc8201c3a5b789dfaef99/greenlet-3.4.0-cp313-cp313-win_arm64.whl", hash = "sha256:9390ad88b652b1903814eaabd629ca184db15e0eeb6fe8a390bbf8b9106ae15a" },
    { url = "https://mirrors.aliyun.com/pypi/packages/78/02/bde66806e8f169cf90b14d02c500c44cdbe02c8e224c9c67bafd1b8cadd1/greenlet-3.4.0-cp314-cp314-macosx_11_0_universal2.whl", hash = "sha256:10a07aca6babdd18c16a3f4f8880acfffc2b88dfe431ad6aa5f5740759d7d75e" },
    { url = "https://mirrors.aliyun.com/pypi/packages/05/1f/39da1c336a87d47c58352fb8a78541ce63d63ae57c5b9dae1fe02801bbc2/greenlet-3.4.0-cp314-cp314-manylinux_2_24_aarch64.manylinux_2_28_aarch64.whl", hash = "sha256:076e21040b3a917d3ce4ad68fb5c3c6b32f1405616c4a57aa83120979649bd3d" },
    { url = "https://mirrors.aliyun.com/pypi/packages/d3/6c/90ee29a4ee27af7aa2e2ec408799eeb69ee3fcc5abcecac6ddd07a5cd0f2/greenlet-3.4.0-cp314-cp314-manylinux_2_24_ppc64le.manylinux_2_28_ppc64le.whl", hash = "sha256:e82689eea4a237e530bb5cb41b180ef81fa2160e1f89422a67be7d90da67f615" },
    { url = "https://mirrors.aliyun.com/pypi/packages/d2/4a/74078d3936712cff6d3c91a930016f476ce4198d84e224fe6d81d3e02880/greenlet-3.4.0-cp314-cp314-manylinux_2_24_s390x.manylinux_2_28_s390x.whl", hash = "sha256:06c2d3b89e0c62ba50bd7adf491b14f39da9e7e701647cb7b9ff4c99bee04b19" },
    { url = "https://mirrors.aliyun.com/pypi/packages/07/49/d4cad6e5381a50947bb973d2f6cf6592621451b09368b8c20d9b8af49c5b/greenlet-3.4.0-cp314-cp314-manylinux_2_24_x86_64.manylinux_2_28_x86_64.whl", hash = "sha256:4df3b0b2289ec686d3c821a5fee44259c05cfe824dd5e6e12c8e5f5df23085cf" },
    { url = "https://mirrors.aliyun.com/pypi/packages/79/3e/df8a83ab894751bc31e1106fdfaa80ca9753222f106b04de93faaa55feb7/greenlet-3.4.0-cp314-cp314-manylinux_2_39_riscv64.whl", hash = "sha256:070b8bac2ff3b4d9e0ff36a0d19e42103331d9737e8504747cd1e659f76297bd" },
    { url = "https://mirrors.aliyun.com/pypi/packages/37/31/d1edd54f424761b5d47718822f506b435b6aab2f3f93b465441143ea5119/greenlet-3.4.0-cp314-cp314-musllinux_1_2_aarch64.whl", hash = "sha256:8bff29d586ea415688f4cec96a591fcc3bf762d046a796cdadc1fdb6e7f2d5bf" },
    { url = "https://mirrors.aliyun.com/pypi/packages/b0/c6/6d3f9cdcb21c4e12a79cb332579f1c6aa1af78eb68059c5a957c7812d95e/greenlet-3.4.0-cp314-cp314-musllinux_1_2_x86_64.whl", hash = "sha256:8a569c2fb840c53c13a2b8967c63621fafbd1a0e015b9c82f408c33d626a2fda" },
    { url = "https://mirrors.aliyun.com/pypi/packages/63/45/c1ca4a1ad975de4727e52d3ffe641ae23e1d7a8ffaa8ff7a0477e1827b92/greenlet-3.4.0-cp314-cp314-win_amd64.whl", hash = "sha256:207ba5b97ea8b0b60eb43ffcacf26969dd83726095161d676aac03ff913ee50d" },
    { url = "https://mirrors.aliyun.com/pypi/packages/71/c4/6f621023364d7e85a4769c014c8982f98053246d142420e0328980933ceb/greenlet-3.4.0-cp314-cp314-win_arm64.whl", hash = "sha256:f8296d4e2b92af34ebde81085a01690f26a51eb9ac09a0fcadb331eb36dbc802" },
    { url = "https://mirrors.aliyun.com/pypi/packages/d4/8f/18d72b629783f5e8d045a76f5325c1e938e659a9e4da79c7dcd10169a48d/greenlet-3.4.0-cp314-cp314t-macosx_11_0_universal2.whl", hash = "sha256:d70012e51df2dbbccfaf63a40aaf9b40c8bed37c3e3a38751c926301ce538ece" },
    { url = "https://mirrors.aliyun.com/pypi/packages/9e/ad/5fa86ec46769c4153820d58a04062285b3b9e10ba3d461ee257b68dcbf53/greenlet-3.4.0-cp314-cp314t-manylinux_2_24_aarch64.manylinux_2_28_aarch64.whl", hash = "sha256:a58bec0751f43068cd40cff31bb3ca02ad6000b3a51ca81367af4eb5abc480c8" },
    { url = "https://mirrors.aliyun.com/pypi/packages/43/f0/4e8174ca0e87ae748c409f055a1ba161038c43cc0a5a6f1433a26ac2e5bf/greenlet-3.4.0-cp314-cp314t-manylinux_2_24_ppc64le.manylinux_2_28_ppc64le.whl", hash = "sha256:05fa0803561028f4b2e3b490ee41216a842eaee11aed004cc343a996d9523aa2" },
    { url = "https://mirrors.aliyun.com/pypi/packages/ef/92/466b0d9afd44b8af623139a3599d651c7564fa4152f25f117e1ee5949ffb/greenlet-3.4.0-cp314-cp314t-manylinux_2_24_s390x.manylinux_2_28_s390x.whl", hash = "sha256:c4cd56a9eb7a6444edbc19062f7b6fbc8f287c663b946e3171d899693b1c19fa" },
    { url = "https://mirrors.aliyun.com/pypi/packages/19/da/991cf7cd33662e2df92a1274b7eb4d61769294d38a1bba8a45f31364845e/greenlet-3.4.0-cp314-cp314t-manylinux_2_24_x86_64.manylinux_2_28_x86_64.whl", hash = "sha256:e60d38719cb80b3ab5e85f9f1aed4960acfde09868af6762ccb27b260d68f4ed" },
    { url = "https://mirrors.aliyun.com/pypi/packages/0d/14/3395a7ef3e260de0325152ddfe19dffb3e49fe10873b94654352b53ad48e/greenlet-3.4.0-cp314-cp314t-manylinux_2_39_riscv64.whl", hash = "sha256:1f85f204c4d54134ae850d401fa435c89cd667d5ce9dc567571776b45941af72" },
    { url = "https://mirrors.aliyun.com/pypi/packages/36/c5/6c2c708e14db3d9caea4b459d8464f58c32047451142fe2cfd90e7458f41/greenlet-3.4.0-cp314-cp314t-musllinux_1_2_aarch64.whl", hash = "sha256:7f50c804733b43eded05ae694691c9aa68bca7d0a867d67d4a3f514742a2d53f" },
    { url = "https://mirrors.aliyun.com/pypi/packages/7a/4c/50c5fed19378e11a29fabab1f6be39ea95358f4a0a07e115a51ca93385d8/greenlet-3.4.0-cp314-cp314t-musllinux_1_2_x86_64.whl", hash = "sha256:2d4f0635dc4aa638cda4b2f5a07ae9a2cff9280327b581a3fcb6f317b4fbc38a" },
    { url = "https://mirrors.aliyun.com/pypi/packages/db/72/85ae954d734703ab48e622c59d4ce35d77ce840c265814af9c078cacc7aa/greenlet-3.4.0-cp314-cp314t-win_amd64.whl", hash = "sha256:1a4a48f24681300c640f143ba7c404270e1ebbbcf34331d7104a4ff40f8ea705" },
]

[[package]]
name = "hf-ms"
version = "0.1.0"
source = { virtual = "." }
dependencies = [
    { name = "g-playwright" },
    { name = "lmdb" },
    { name = "loguru" },
]

[package.dev-dependencies]
dev = [
    { name = "basedpyright" },
    { name = "ruff" },
]

[package.metadata]
requires-dist = [
    { name = "g-playwright", git = "ssh://git@github.com/asinkLuno/g-playwright.git" },
    { name = "lmdb", specifier = ">=2.2.0" },
    { name = "loguru", specifier = ">=0.7.0" },
]

[package.metadata.requires-dev]
dev = [
    { name = "basedpyright", specifier = ">=1.39.3" },
    { name = "ruff", specifier = ">=0.15.12" },
]

[[package]]
name = "lmdb"
version = "2.2.0"
source = { registry = "https://mirrors.aliyun.com/pypi/simple" }
sdist = { url = "https://mirrors.aliyun.com/pypi/packages/21/44/d94934efaf8f887b6959f131fde740fcaa831edfd13eb5425574637cddd5/lmdb-2.2.0.tar.gz", hash = "sha256:53020e20305c043ea6e68089bc242d744fba6073cdb268332299ba6dda2886d4" }
wheels = [
    { url = "https://mirrors.aliyun.com/pypi/packages/64/43/543af71e8fa4c56623bb89c358121ab806426f26685f11539fe5452deffa/lmdb-2.2.0-cp313-cp313-macosx_10_13_x86_64.whl", hash = "sha256:36e0cbe6b7d59f6e19b448942c5f9e91674f596a802743258f82e926a9a09632" },
    { url = "https://mirrors.aliyun.com/pypi/packages/22/2c/4702d36c0073737554b20d1d62e879a066df963482f8e514866588ddd82d/lmdb-2.2.0-cp313-cp313-macosx_11_0_arm64.whl", hash = "sha256:e5d7a9dfd279a5884806fd478244961e4483cc6d7eb769caed1d7019a8608c20" },
    { url = "https://mirrors.aliyun.com/pypi/packages/2f/43/d015fea326ed0a634107f29740b002170a462b6d2481e509105c685520f5/lmdb-2.2.0-cp313-cp313-manylinux2014_aarch64.manylinux_2_17_aarch64.manylinux_2_28_aarch64.whl", hash = "sha256:d0dbe7902b2cdb60bf6c893f307ef2b2a5039afd22f029515b86183f05ab1353" },
    { url = "https://mirrors.aliyun.com/pypi/packages/bb/c9/503e7f173994b514936badcbcb7fa9f89a07a3cfe596c6fb95b1b91b8d70/lmdb-2.2.0-cp313-cp313-manylinux2014_x86_64.manylinux_2_17_x86_64.manylinux_2_28_x86_64.whl", hash = "sha256:9c576cdb163ae61a7ef6eecbc20a6025a4abe085491c1dc0c667d726f4926b53" },
    { url = "https://mirrors.aliyun.com/pypi/packages/3e/94/b3b064acfd2f8acf5aaa53fff2c43963dbc1932ba8b8df4e27d75bf6a34a/lmdb-2.2.0-cp313-cp313-win_amd64.whl", hash = "sha256:746eebcd4c0aeaf0eb2f897028929d270c5bc80ef4918500eec16db6f26f3fcc" },
    { url = "https://mirrors.aliyun.com/pypi/packages/b9/10/dc7488d1effc339cd9470f9d22ec0fd7052a3d4fdfae87765ecd41cb2e59/lmdb-2.2.0-cp313-cp313-win_arm64.whl", hash = "sha256:006153aac9fb0415a5f3e8ac88789e5730dba3dd0743cd84c95e3951ff68bc3a" },
    { url = "https://mirrors.aliyun.com/pypi/packages/36/3f/452a81add862d99722e18c92b2a0202d9bb316fb19422150b4424ec7a983/lmdb-2.2.0-cp314-cp314-macosx_10_15_x86_64.whl", hash = "sha256:0398fef4ab54d66f531257e7a68c03314a267da5d2fd76d75481f62a237ec28b" },
    { url = "https://mirrors.aliyun.com/pypi/packages/c4/73/62edf6b273d4118c0ed4b5afc5797ca68091e360daa91ef77ae8337084db/lmdb-2.2.0-cp314-cp314-macosx_11_0_arm64.whl", hash = "sha256:1610c601f397b0b523310b2393fd430f5973bfdb5dbec9cdc5f89510c5e887ca" },
    { url = "https://mirrors.aliyun.com/pypi/packages/dd/60/19c59e022e84dad27932b7af58319dd20afdb7de4f48698cac408f6066ab/lmdb-2.2.0-cp314-cp314-manylinux2014_aarch64.manylinux_2_17_aarch64.manylinux_2_28_aarch64.whl", hash = "sha256:dc1d32c08afdbc7db1315d199c827e14c6ad8cdfc7d70872ff983f68079a5edb" },
    { url = "https://mirrors.aliyun.com/pypi/packages/a9/51/28a24bd3d131ecc7b74c1dac06eea9194e05efe2af5032dece703d397a67/lmdb-2.2.0-cp314-cp314-manylinux2014_x86_64.manylinux_2_17_x86_64.manylinux_2_28_x86_64.whl", hash = "sha256:bdba273466d099f3ff3a10a26dc1d45101ac519bf67ae23b402a2f3191965e13" },
    { url = "https://mirrors.aliyun.com/pypi/packages/a7/e6/3071576af6c318f76f36ac3b52f2f809b861d13193c6bbc004bdabd451de/lmdb-2.2.0-cp314-cp314-win_amd64.whl", hash = "sha256:00a051a0d29e0d88e84035884e91a57e2e850355c7e1a3ea05c34753a56d3e12" },
    { url = "https://mirrors.aliyun.com/pypi/packages/1b/5d/723eabbfe716013db0d13c2015784249e91c87524cde1539c6b99daac68e/lmdb-2.2.0-cp314-cp314-win_arm64.whl", hash = "sha256:2d2968d2a3ff6e69596d9604d2029d2d1265079aa2864eb721c27e076a1fd792" },
]

[[package]]
name = "loguru"
version = "0.7.3"
source = { registry = "https://mirrors.aliyun.com/pypi/simple" }
dependencies = [
    { name = "colorama", marker = "sys_platform == 'win32'" },
    { name = "win32-setctime", marker = "sys_platform == 'win32'" },
]
sdist = { url = "https://mirrors.aliyun.com/pypi/packages/3a/05/a1dae3dffd1116099471c643b8924f5aa6524411dc6c63fdae648c4f1aca/loguru-0.7.3.tar.gz", hash = "sha256:19480589e77d47b8d85b2c827ad95d49bf31b0dcde16593892eb51dd18706eb6" }
wheels = [
    { url = "https://mirrors.aliyun.com/pypi/packages/0c/29/0348de65b8cc732daa3e33e67806420b2ae89bdce2b04af740289c5c6c8c/loguru-0.7.3-py3-none-any.whl", hash = "sha256:31a33c10c8e1e10422bfd431aeb5d351c7cf7fa671e3c4df004162264b28220c" },
]

[[package]]
name = "nodejs-wheel-binaries"
version = "24.15.0"
source = { registry = "https://mirrors.aliyun.com/pypi/simple" }
sdist = { url = "https://mirrors.aliyun.com/pypi/packages/3f/70/a1e4f4d5986768ab90cc860b1cc3660fd2ded74ca175a900a5c29f839c7d/nodejs_wheel_binaries-24.15.0.tar.gz", hash = "sha256:b43f5c4f6e5768d8845b2ae4682eb703a19bf7aadc84187e2d903ed3a611c859" }
wheels = [
    { url = "https://mirrors.aliyun.com/pypi/packages/85/66/54051d14853d6ab4fb85f8be9b042b530be653357fb9a19557498bc91ab7/nodejs_wheel_binaries-24.15.0-py2.py3-none-macosx_13_0_arm64.whl", hash = "sha256:a6232fa8b754220941f52388c8ead923f7c1c7fdf0ea0d98f657523bd9a81ef4" },
    { url = "https://mirrors.aliyun.com/pypi/packages/ad/5f/66acada164da5ca10a0824db021aa7394ae18396c550cd9280e839a43126/nodejs_wheel_binaries-24.15.0-py2.py3-none-macosx_13_0_x86_64.whl", hash = "sha256:001a6b62c69d9109c1738163cca00608dd2722e8663af59300054ea02610972d" },
    { url = "https://mirrors.aliyun.com/pypi/packages/0d/2d/0cbd5ff40c9bb030ca1735d8f8793bd74f08a4cbd49100a1d19313ea57ab/nodejs_wheel_binaries-24.15.0-py2.py3-none-manylinux_2_28_aarch64.whl", hash = "sha256:0fbc48765e60ed0ff30d43898dbf5cadbadf2e5f1e7f204afc2b01493b7ebce6" },
    { url = "https://mirrors.aliyun.com/pypi/packages/da/d5/91ac63951ec75927a486b83b8cafe650e360fa70ac01dc94adfb32b93b97/nodejs_wheel_binaries-24.15.0-py2.py3-none-manylinux_2_28_x86_64.whl", hash = "sha256:20ee0536809795da8a4942fc1ab4cbdebbcaaf29383eab67ba8874268fb00008" },
    { url = "https://mirrors.aliyun.com/pypi/packages/db/72/dc22776974d928869c0c30d23ee98ed7df254243c2df68f09f5963e8e8b8/nodejs_wheel_binaries-24.15.0-py2.py3-none-musllinux_1_2_aarch64.whl", hash = "sha256:1fade6c214285e72472ca40a631e98ff36559671cd5eefc8bf009471d67f04b4" },
    { url = "https://mirrors.aliyun.com/pypi/packages/01/0a/34461b9050cb45ee371dccdefc622aef6351506ea2691b08fc761ca67150/nodejs_wheel_binaries-24.15.0-py2.py3-none-musllinux_1_2_x86_64.whl", hash = "sha256:3984cb8d87766567aee67a49743227ab40ede6f47734ec990ff90e50b74e7740" },
    { url = "https://mirrors.aliyun.com/pypi/packages/c9/17/09252bf35672dba926649d59dfe51443a0f6955ad13784e91131d5ec82a2/nodejs_wheel_binaries-24.15.0-py2.py3-none-win_amd64.whl", hash = "sha256:a437601956b532dcb3082046e6978e622733f90edc0932cbb9adb3bb97a16501" },
    { url = "https://mirrors.aliyun.com/pypi/packages/0a/7e/b649777d148e1e0c2ce349156603cdb12f7ed99921b95d93717393650193/nodejs_wheel_binaries-24.15.0-py2.py3-none-win_arm64.whl", hash = "sha256:bdf4a431e08321a32efc604111c6f23941f87055d796a537e8c4110daecad23f" },
]

[[package]]
name = "playwright"
version = "1.58.0"
source = { registry = "https://mirrors.aliyun.com/pypi/simple" }
dependencies = [
    { name = "greenlet" },
    { name = "pyee" },
]
wheels = [
    { url = "https://mirrors.aliyun.com/pypi/packages/f8/c9/9c6061d5703267f1baae6a4647bfd1862e386fbfdb97d889f6f6ae9e3f64/playwright-1.58.0-py3-none-macosx_10_13_x86_64.whl", hash = "sha256:96e3204aac292ee639edbfdef6298b4be2ea0a55a16b7068df91adac077cc606" },
    { url = "https://mirrors.aliyun.com/pypi/packages/e0/40/59d34a756e02f8c670f0fee987d46f7ee53d05447d43cd114ca015cb168c/playwright-1.58.0-py3-none-macosx_11_0_arm64.whl", hash = "sha256:70c763694739d28df71ed578b9c8202bb83e8fe8fb9268c04dd13afe36301f71" },
    { url = "https://mirrors.aliyun.com/pypi/packages/e1/ee/3ce6209c9c74a650aac9028c621f357a34ea5cd4d950700f8e2c4b7fe2c4/playwright-1.58.0-py3-none-macosx_11_0_universal2.whl", hash = "sha256:185e0132578733d02802dfddfbbc35f42be23a45ff49ccae5081f25952238117" },
    { url = "https://mirrors.aliyun.com/pypi/packages/f1/af/009958cbf23fac551a940d34e3206e6c7eed2b8c940d0c3afd1feb0b0589/playwright-1.58.0-py3-none-manylinux1_x86_64.whl", hash = "sha256:c95568ba1eda83812598c1dc9be60b4406dffd60b149bc1536180ad108723d6b" },
    { url = "https://mirrors.aliyun.com/pypi/packages/d9/a6/0e66ad04b6d3440dae73efb39540c5685c5fc95b17c8b29340b62abbd952/playwright-1.58.0-py3-none-manylinux_2_17_aarch64.manylinux2014_aarch64.whl", hash = "sha256:8f9999948f1ab541d98812de25e3a8c410776aa516d948807140aff797b4bffa" },
    { url = "https://mirrors.aliyun.com/pypi/packages/0e/4b/236e60ab9f6d62ed0fd32150d61f1f494cefbf02304c0061e78ed80c1c32/playwright-1.58.0-py3-none-win32.whl", hash = "sha256:1e03be090e75a0fabbdaeab65ce17c308c425d879fa48bb1d7986f96bfad0b99" },
    { url = "https://mirrors.aliyun.com/pypi/packages/41/f8/5ec599c5e59d2f2f336a05b4f318e733077cd5044f24adb6f86900c3e6a7/playwright-1.58.0-py3-none-win_amd64.whl", hash = "sha256:a2bf639d0ce33b3ba38de777e08697b0d8f3dc07ab6802e4ac53fb65e3907af8" },
    { url = "https://mirrors.aliyun.com/pypi/packages/c8/c4/cc0229fea55c87d6c9c67fe44a21e2cd28d1d558a5478ed4d617e9fb0c93/playwright-1.58.0-py3-none-win_arm64.whl", hash = "sha256:32ffe5c303901a13a0ecab91d1c3f74baf73b84f4bedbb6b935f5bc11cc98e1b" },
]

[[package]]
name = "pyee"
version = "13.0.1"
source = { registry = "https://mirrors.aliyun.com/pypi/simple" }
dependencies = [
    { name = "typing-extensions" },
]
sdist = { url = "https://mirrors.aliyun.com/pypi/packages/8b/04/e7c1fe4dc78a6fdbfd6c337b1c3732ff543b8a397683ab38378447baa331/pyee-13.0.1.tar.gz", hash = "sha256:0b931f7c14535667ed4c7e0d531716368715e860b988770fc7eb8578d1f67fc8" }
wheels = [
    { url = "https://mirrors.aliyun.com/pypi/packages/a0/c4/b4d4827c93ef43c01f599ef31453ccc1c132b353284fc6c87d535c233129/pyee-13.0.1-py3-none-any.whl", hash = "sha256:af2f8fede4171ef667dfded53f96e2ed0d6e6bd7ee3bb46437f77e3b57689228" },
]

[[package]]
name = "ruff"
version = "0.15.12"
source = { registry = "https://mirrors.aliyun.com/pypi/simple" }
sdist = { url = "https://mirrors.aliyun.com/pypi/packages/99/43/3291f1cc9106f4c63bdce7a8d0df5047fe8422a75b091c16b5e9355e0b11/ruff-0.15.12.tar.gz", hash = "sha256:ecea26adb26b4232c0c2ca19ccbc0083a68344180bba2a600605538ce51a40a6" }
wheels = [
    { url = "https://mirrors.aliyun.com/pypi/packages/c3/6e/e78ffb61d4686f3d96ba3df2c801161843746dcbcbb17a1e927d4829312b/ruff-0.15.12-py3-none-linux_armv6l.whl", hash = "sha256:f86f176e188e94d6bdbc09f09bfd9dc729059ad93d0e7390b5a73efe19f8861c" },
    { url = "https://mirrors.aliyun.com/pypi/packages/ae/08/a317bc231fb9e7b93e4ef3089501e51922ff88d6936ce5cf870c4fe55419/ruff-0.15.12-py3-none-macosx_10_12_x86_64.whl", hash = "sha256:e3bcd123364c3770b8e1b7baaf343cc99a35f197c5c6e8af79015c666c423a6c" },
    { url = "https://mirrors.aliyun.com/pypi/packages/aa/a4/f828e9718d3dce1f5f11c39c4f65afd32783c8b2aebb2e3d259e492c47bd/ruff-0.15.12-py3-none-macosx_11_0_arm64.whl", hash = "sha256:fe87510d000220aa1ed530d4448a7c696a0cae1213e5ec30e5874287b66557b5" },
    { url = "https://mirrors.aliyun.com/pypi/packages/71/e0/3310fc6d1b5e1fdea22bf3b1b807c7e187b581021b0d7d4514cccdb5fb71/ruff-0.15.12-py3-none-manylinux_2_17_aarch64.manylinux2014_aarch64.whl", hash = "sha256:84a1630093121375a3e2a95b4a6dc7b59e2b4ee76216e32d81aae550a832d002" },
    { url = "https://mirrors.aliyun.com/pypi/packages/11/c1/a606911aee04c324ddaa883ae418f3569792fd3c4a10c50e0dd0a2311e1e/ruff-0.15.12-py3-none-manylinux_2_17_armv7l.manylinux2014_armv7l.whl", hash = "sha256:fb129f40f114f089ebe0ca56c0d251cf2061b17651d464bb6478dc01e69f11f5" },
    { url = "https://mirrors.aliyun.com/pypi/packages/9d/68/4201e8444f0894f21ab4aeeaee68aa4f10b51613514a20d80bd628d57e88/ruff-0.15.12-py3-none-manylinux_2_17_i686.manylinux2014_i686.whl", hash = "sha256:b0c862b172d695db7598426b8af465e7e9ac00a3ea2a3630ee67eb82e366aaa6" },
    { url = "https://mirrors.aliyun.com/pypi/packages/34/ff/8a6d6cf4ccc23fd67060874e832c18919d1557a0611ebef03fdb01fff11e/ruff-0.15.12-py3-none-manylinux_2_17_ppc64le.manylinux2014_ppc64le.whl", hash = "sha256:2849ea9f3484c3aca43a82f484210370319e7170df4dfe4843395ddf6c57bc33" },
    { url = "https://mirrors.aliyun.com/pypi/packages/85/f6/c669cf73f5152f623d34e69866a46d5e6185816b19fcd5b6dd8a2d299922/ruff-0.15.12-py3-none-manylinux_2_17_s390x.manylinux2014_s390x.whl", hash = "sha256:9e77c7e51c07fe396826d5969a5b846d9cd4c402535835fb6e21ce8b28fef847" },
    { url = "https://mirrors.aliyun.com/pypi/packages/e8/39/c61d193b8a1daaa8977f7dea9e8d8ba866e02ea7b65d32f6861693aa4c12/ruff-0.15.12-py3-none-manylinux_2_17_x86_64.manylinux2014_x86_64.whl", hash = "sha256:83b2f4f2f3b1026b5fb449b467d9264bf22067b600f7b6f41fc5958909f449d0" },
    { url = "https://mirrors.aliyun.com/pypi/packages/c2/8d/49afab3645e31e12c590acb6d3b5b69d7aab5b81926dbaf7461f9441f37a/ruff-0.15.12-py3-none-manylinux_2_31_riscv64.whl", hash = "sha256:9ba3b8f1afd7e2e43d8943e55f249e13f9682fde09711644a6e7290eb4f3e339" },
    { url = "https://mirrors.aliyun.com/pypi/packages/46/06/33f41fe94403e2b755481cdfb9b7ef3e4e0ed031c4581124658d935d52b4/ruff-0.15.12-py3-none-musllinux_1_2_aarch64.whl", hash = "sha256:e852ba9fdc890655e1d78f2df1499efbe0e54126bd405362154a75e2bde159c5" },
    { url = "https://mirrors.aliyun.com/pypi/packages/0d/59/18aa4e014debbf559670e4048e39260a85c7fcee84acfd761ac01e7b8d35/ruff-0.15.12-py3-none-musllinux_1_2_armv7l.whl", hash = "sha256:dd8aed930da53780d22fc70bdf84452c843cf64f8cb4eb38984319c24c5cd5fd" },
    { url = "https://mirrors.aliyun.com/pypi/packages/25/e7/cc9f16fd0f3b5fddcbd7ec3d6ae30c8f3fde1047f32a4093a98d633c6570/ruff-0.15.12-py3-none-musllinux_1_2_i686.whl", hash = "sha256:01da3988d225628b709493d7dc67c3b9b12c0210016b08690ef9bd27970b262b" },
    { url = "https://mirrors.aliyun.com/pypi/packages/72/7a/a9ba7f98c7a575978698f4230c5e8cc54bbc761af34f560818f933dafa0c/ruff-0.15.12-py3-none-musllinux_1_2_x86_64.whl", hash = "sha256:9cae0f92bd5700d1213188b31cd3bdd2b315361296d10b96b8e2337d3d11f53e" },
    { url = "https://mirrors.aliyun.com/pypi/packages/ea/f9/0ae446942c846b8266059ad8a30702a35afae55f5cdc54c5adf8d7afdc27/ruff-0.15.12-py3-none-win32.whl", hash = "sha256:d0185894e038d7043ba8fd6aee7499ece6462dc0ea9f1e260c7451807c714c20" },
    { url = "https://mirrors.aliyun.com/pypi/packages/33/f1/9614e03e1cdcbf9437570b5400ced8a720b5db22b28d8e0f1bda429f660d/ruff-0.15.12-py3-none-win_amd64.whl", hash = "sha256:c87a162d61ab3adca47c03f7f717c68672edec7d1b5499e652331780fe74950d" },
    { url = "https://mirrors.aliyun.com/pypi/packages/c0/98/6beb4b351e472e5f4c4613f7c35a5290b8be2497e183825310c4c3a3984b/ruff-0.15.12-py3-none-win_arm64.whl", hash = "sha256:a538f7a82d061cee7be55542aca1d86d1393d55d81d4fcc314370f4340930d4f" },
]

[[package]]
name = "typing-extensions"
version = "4.15.0"
source = { registry = "https://mirrors.aliyun.com/pypi/simple" }
sdist = { url = "https://mirrors.aliyun.com/pypi/packages/72/94/1a15dd82efb362ac84269196e94cf00f187f7ed21c242792a923cdb1c61f/typing_extensions-4.15.0.tar.gz", hash = "sha256:0cea48d173cc12fa28ecabc3b837ea3cf6f38c6d1136f85cbaaf598984861466" }
wheels = [
    { url = "https://mirrors.aliyun.com/pypi/packages/18/67/36e9267722cc04a6b9f15c7f3441c2363321a3ea07da7ae0c0707beb2a9c/typing_extensions-4.15.0-py3-none-any.whl", hash = "sha256:f0fa19c6845758ab08074a0cfa8b7aecb71c999ca73d62883bc25cc018c4e548" },
]

[[package]]
name = "win32-setctime"
version = "1.2.0"
source = { registry = "https://mirrors.aliyun.com/pypi/simple" }
sdist = { url = "https://mirrors.aliyun.com/pypi/packages/b3/8f/705086c9d734d3b663af0e9bb3d4de6578d08f46b1b101c2442fd9aecaa2/win32_setctime-1.2.0.tar.gz", hash = "sha256:ae1fdf948f5640aae05c511ade119313fb6a30d7eabe25fef9764dca5873c4c0" }
wheels = [
    { url = "https://mirrors.aliyun.com/pypi/packages/e1/07/c6fe3ad3e685340704d314d765b7912993bcb8dc198f0e7a89382d37974b/win32_setctime-1.2.0-py3-none-any.whl", hash = "sha256:95d644c4e708aba81dc3704a116d8cbc974d70b3bdb8be1d150e36be6e9d1390" },
]
